
Microsoft Visual Studio Solution File, Format Version 12.00
# Visual Studio Version 17
VisualStudioVersion = 17.4.33213.308
MinimumVisualStudioVersion = 10.0.40219.1
Project("{9A19103F-16F7-4668-BE54-9A1E7A4F7556}") = "ascii game test", "ascii game test.csproj", "{1E5FD53F-F3A0-44E2-8F5C-C04E2A6E30B0}"
EndProject
Project("{9A19103F-16F7-4668-BE54-9A1E7A4F7556}") = "RayGuiCreator", "..\..\Documents\RaylibMenuCreator\RayGuiCreator\RayGuiCreator\RayGuiCreator.csproj", "{37EBE5BA-5B59-4604-8E16-922ED11CCC33}"
EndProject
Project("{FAE04EC0-301F-11D3-BF4B-00C04F79EFBC}") = "EnemyEditor", "..\EnemyEditor\EnemyEditor.csproj", "{58302D22-A8E4-4D1E-8248-2A6A07790580}"
EndProject
Global
	GlobalSection(SolutionConfigurationPlatforms) = preSolution
		Debug|Any CPU = Debug|Any CPU
		Release|Any CPU = Release|Any CPU
	EndGlobalSection
	GlobalSection(ProjectConfigurationPlatforms) = postSolution
		{1E5FD53F-F3A0-44E2-8F5C-C04E2A6E30B0}.Debug|Any CPU.ActiveCfg = Debug|Any CPU
		{1E5FD53F-F3A0-44E2-8F5C-C04E2A6E30B0}.Debug|Any CPU.Build.0 = Debug|Any CPU
		{1E5FD53F-F3A0-44E2-8F5C-C04E2A6E30B0}.Release|Any CPU.ActiveCfg = Release|Any CPU
		{1E5FD53F-F3A0-44E2-8F5C-C04E2A6E30B0}.Release|Any CPU.Build.0 = Release|Any CPU
		{37EBE5BA-5B59-4604-8E16-922ED11CCC33}.Debug|Any CPU.ActiveCfg = Debug|Any CPU
		{37EBE5BA-5B59-4604-8E16-922ED11CCC33}.Debug|Any CPU.Build.0 = Debug|Any CPU
		{37EBE5BA-5B59-4604-8E16-922ED11CCC33}.Release|Any CPU.ActiveCfg = Release|Any CPU
		{37EBE5BA-5B59-4604-8E16-922ED11CCC33}.Release|Any CPU.Build.0 = Release|Any CPU
		{58302D22-A8E4-4D1E-8248-2A6A07790580}.Debug|Any CPU.ActiveCfg = Debug|Any CPU
		{58302D22-A8E4-4D1E-8248-2A6A07790580}.Debug|Any CPU.Build.0 = Debug|Any CPU
		{58302D22-A8E4-4D1E-8248-2A6A07790580}.Release|Any CPU.ActiveCfg = Release|Any CPU
		{58302D22-A8E4-4D1E-8248-2A6A07790580}.Release|Any CPU.Build.0 = Release|Any CPU
	EndGlobalSection
	GlobalSection(SolutionProperties) = preSolution
		HideSolutionNode = FALSE
	EndGlobalSection
	GlobalSection(ExtensibilityGlobals) = postSolution
		SolutionGuid = {864B239E-471E-41C7-AB0E-20EF465989EE}
	EndGlobalSection
EndGlobal
